
Microsoft Visual Studio Solution File, Format Version 12.00
# Visual Studio Version 16
VisualStudioVersion = 16.0.31624.102
MinimumVisualStudioVersion = 10.0.40219.1
Project("{9A19103F-16F7-4668-BE54-9A1E7A4F7556}") = "Nix_Task2", "Nix_Task2\Nix_Task2.csproj", "{DBFAC4EF-1474-42C8-B208-0D6B2EE86DEA}"
EndProject
Project("{9A19103F-16F7-4668-BE54-9A1E7A4F7556}") = "DataLayer", "DataLayer\DataLayer.csproj", "{3C0D8A8F-0D73-429F-A145-E3008B9EABF2}"
EndProject
Project("{FAE04EC0-301F-11D3-BF4B-00C04F79EFBC}") = "BusinessLayer", "BusinessLayer\BusinessLayer.csproj", "{4CACF38A-8A53-4F0F-8A2A-4CFF24E8CAD9}"
EndProject
Global
	GlobalSection(SolutionConfigurationPlatforms) = preSolution
		Debug|Any CPU = Debug|Any CPU
		Release|Any CPU = Release|Any CPU
	EndGlobalSection
	GlobalSection(ProjectConfigurationPlatforms) = postSolution
		{DBFAC4EF-1474-42C8-B208-0D6B2EE86DEA}.Debug|Any CPU.ActiveCfg = Debug|Any CPU
		{DBFAC4EF-1474-42C8-B208-0D6B2EE86DEA}.Debug|Any CPU.Build.0 = Debug|Any CPU
		{DBFAC4EF-1474-42C8-B208-0D6B2EE86DEA}.Release|Any CPU.ActiveCfg = Release|Any CPU
		{DBFAC4EF-1474-42C8-B208-0D6B2EE86DEA}.Release|Any CPU.Build.0 = Release|Any CPU
		{3C0D8A8F-0D73-429F-A145-E3008B9EABF2}.Debug|Any CPU.ActiveCfg = Debug|Any CPU
		{3C0D8A8F-0D73-429F-A145-E3008B9EABF2}.Debug|Any CPU.Build.0 = Debug|Any CPU
		{3C0D8A8F-0D73-429F-A145-E3008B9EABF2}.Release|Any CPU.ActiveCfg = Release|Any CPU
		{3C0D8A8F-0D73-429F-A145-E3008B9EABF2}.Release|Any CPU.Build.0 = Release|Any CPU
		{4CACF38A-8A53-4F0F-8A2A-4CFF24E8CAD9}.Debug|Any CPU.ActiveCfg = Debug|Any CPU
		{4CACF38A-8A53-4F0F-8A2A-4CFF24E8CAD9}.Debug|Any CPU.Build.0 = Debug|Any CPU
		{4CACF38A-8A53-4F0F-8A2A-4CFF24E8CAD9}.Release|Any CPU.ActiveCfg = Release|Any CPU
		{4CACF38A-8A53-4F0F-8A2A-4CFF24E8CAD9}.Release|Any CPU.Build.0 = Release|Any CPU
	EndGlobalSection
	GlobalSection(SolutionProperties) = preSolution
		HideSolutionNode = FALSE
	EndGlobalSection
	GlobalSection(ExtensibilityGlobals) = postSolution
		SolutionGuid = {D3E62BAE-DAFC-4640-BEE1-B7633683F3AA}
	EndGlobalSection
EndGlobal
